# This is a Gradle generated file for dependency locking.
# Manual edits can break the build and are not advised.
# This file is expected to be part of source control.
com.amazonaws:aws-java-sdk-bom:1.12.372=compileClasspath
com.azure:azure-sdk-bom:1.2.8=compileClasspath
com.ethlo.time:itu:1.7.0=compileClasspath
com.fasterxml.jackson.core:jackson-annotations:2.14.1=compileClasspath
com.fasterxml.jackson.core:jackson-core:2.14.1=compileClasspath
com.fasterxml.jackson.core:jackson-databind:2.14.1=compileClasspath
com.fasterxml.jackson.datatype:jackson-datatype-jdk8:2.14.1=compileClasspath
com.fasterxml.jackson.datatype:jackson-datatype-jsr310:2.14.1=compileClasspath
com.fasterxml.jackson:jackson-bom:2.14.1=compileClasspath
com.google.protobuf:protobuf-bom:3.21.12=compileClasspath
com.networknt:json-schema-validator:1.0.76=compileClasspath
com.oracle.coherence.ce:coherence-bom:22.06.2=compileClasspath
info.picocli:picocli:4.6.3=compileClasspath
io.grpc:grpc-bom:1.51.1=compileClasspath
io.ktor:ktor-bom:1.6.8=compileClasspath
io.micrometer:micrometer-bom:1.10.2=compileClasspath
io.micronaut.aws:micronaut-aws-bom:3.10.4=compileClasspath
io.micronaut.azure:micronaut-azure-bom:4.0.0=compileClasspath
io.micronaut.beanvalidation:micronaut-hibernate-validator-bom:3.3.0=compileClasspath
io.micronaut.cache:micronaut-cache-bom:3.5.0=compileClasspath
io.micronaut.coherence:micronaut-coherence-bom:3.7.2=compileClasspath
io.micronaut.crac:micronaut-crac-bom:1.1.1=compileClasspath
io.micronaut.data:micronaut-data-bom:3.9.1=compileClasspath
io.micronaut.email:micronaut-email-bom:1.5.0=compileClasspath
io.micronaut.flyway:micronaut-flyway-bom:5.4.1=compileClasspath
io.micronaut.gcp:micronaut-gcp-bom:4.8.0=compileClasspath
io.micronaut.groovy:micronaut-groovy-bom:3.4.0=compileClasspath
io.micronaut.grpc:micronaut-grpc-bom:3.5.0=compileClasspath
io.micronaut.jaxrs:micronaut-jaxrs-bom:3.4.0=compileClasspath
io.micronaut.jmx:micronaut-jmx-bom:3.2.0=compileClasspath
io.micronaut.kafka:micronaut-kafka-bom:4.5.0=compileClasspath
io.micronaut.kotlin:micronaut-kotlin-bom:3.2.2=compileClasspath
io.micronaut.kotlin:micronaut-kotlin-runtime:3.2.2=compileClasspath
io.micronaut.kubernetes:micronaut-kubernetes-bom:3.4.0=compileClasspath
io.micronaut.liquibase:micronaut-liquibase-bom:5.6.0=compileClasspath
io.micronaut.micrometer:micronaut-micrometer-bom:4.7.0=compileClasspath
io.micronaut.microstream:micronaut-microstream-bom:1.3.0=compileClasspath
io.micronaut.mongodb:micronaut-mongo-bom:4.6.0=compileClasspath
io.micronaut.mqtt:micronaut-mqtt-bom:2.3.0=compileClasspath
io.micronaut.objectstorage:micronaut-object-storage-bom:1.1.0=compileClasspath
io.micronaut.openapi:micronaut-openapi-bom:4.8.1=compileClasspath
io.micronaut.oraclecloud:micronaut-oraclecloud-bom:2.3.1=compileClasspath
io.micronaut.picocli:micronaut-picocli-bom:4.3.0=compileClasspath
io.micronaut.picocli:micronaut-picocli:4.3.0=compileClasspath
io.micronaut.problem:micronaut-problem-json-bom:2.6.0=compileClasspath
io.micronaut.r2dbc:micronaut-r2dbc-bom:4.0.0=compileClasspath
io.micronaut.rabbitmq:micronaut-rabbitmq-bom:3.4.0=compileClasspath
io.micronaut.reactor:micronaut-reactor-bom:2.5.0=compileClasspath
io.micronaut.redis:micronaut-redis-bom:5.3.2=compileClasspath
io.micronaut.rxjava2:micronaut-rxjava2-bom:1.3.0=compileClasspath
io.micronaut.rxjava3:micronaut-rxjava3-bom:2.4.0=compileClasspath
io.micronaut.security:micronaut-security-bom:3.9.0=compileClasspath
io.micronaut.serde:micronaut-serde-bom:1.5.0=compileClasspath
io.micronaut.servlet:micronaut-servlet-bom:3.3.2=compileClasspath
io.micronaut.spring:micronaut-spring-bom:4.4.0=compileClasspath
io.micronaut.sql:micronaut-sql-bom:4.7.2=compileClasspath
io.micronaut.test:micronaut-test-bom:3.8.0=compileClasspath
io.micronaut.testresources:micronaut-test-resources-bom:1.2.3=compileClasspath
io.micronaut.tracing:micronaut-tracing-bom:4.4.0=compileClasspath
io.micronaut.views:micronaut-views-bom:3.8.0=compileClasspath
io.micronaut:micronaut-aop:3.8.0=compileClasspath
io.micronaut:micronaut-bom:3.8.0=compileClasspath
io.micronaut:micronaut-context:3.8.0=compileClasspath
io.micronaut:micronaut-core-reactive:3.8.0=compileClasspath
io.micronaut:micronaut-core:3.8.0=compileClasspath
io.micronaut:micronaut-http:3.8.0=compileClasspath
io.micronaut:micronaut-inject:3.8.0=compileClasspath
io.micronaut:micronaut-jackson-core:3.8.0=compileClasspath
io.micronaut:micronaut-jackson-databind:3.8.0=compileClasspath
io.micronaut:micronaut-json-core:3.8.0=compileClasspath
io.micronaut:micronaut-runtime:3.8.0=compileClasspath
io.micronaut:micronaut-validation:3.8.0=compileClasspath
io.netty:netty-bom:4.1.86.Final=compileClasspath
io.opentelemetry.instrumentation:opentelemetry-instrumentation-bom-alpha:1.15.0-alpha=compileClasspath
io.opentelemetry:opentelemetry-bom-alpha:1.15.0-alpha=compileClasspath
io.opentelemetry:opentelemetry-bom:1.18.0=compileClasspath
io.rest-assured:rest-assured-bom:5.3.0=compileClasspath
jakarta.annotation:jakarta.annotation-api:2.1.1=compileClasspath
jakarta.inject:jakarta.inject-api:2.0.1=compileClasspath
javax.annotation:javax.annotation-api:1.3.2=compileClasspath
javax.validation:validation-api:2.0.1.Final=compileClasspath
org.apache.logging.log4j:log4j-bom:2.19.0=compileClasspath
org.codehaus.groovy:groovy-bom:3.0.13=compileClasspath
org.jdbi:jdbi3-bom:3.30.0=compileClasspath
org.jetbrains.kotlin:kotlin-bom:1.6.21=compileClasspath
org.jetbrains.kotlin:kotlin-reflect:1.8.0=compileClasspath
org.jetbrains.kotlin:kotlin-stdlib-common:1.8.0=compileClasspath
org.jetbrains.kotlin:kotlin-stdlib-jdk7:1.8.0=compileClasspath
org.jetbrains.kotlin:kotlin-stdlib-jdk8:1.8.0=compileClasspath
org.jetbrains.kotlin:kotlin-stdlib:1.8.0=compileClasspath
org.jetbrains.kotlinx:kotlinx-coroutines-bom:1.5.1=compileClasspath
org.jetbrains:annotations:13.0=compileClasspath
org.junit:junit-bom:5.9.1=compileClasspath
org.reactivestreams:reactive-streams:1.0.4=compileClasspath
org.slf4j:slf4j-api:1.7.36=compileClasspath
org.spockframework:spock-bom:2.1-groovy-3.0=compileClasspath
org.springframework:spring-framework-bom:5.3.24=compileClasspath
org.testcontainers:testcontainers-bom:1.17.6=compileClasspath
org.yaml:snakeyaml:1.33=compileClasspath
software.amazon.awssdk:bom:2.19.4=compileClasspath
empty=
